
Microsoft Visual Studio Solution File, Format Version 12.00
# Visual Studio Version 17
VisualStudioVersion = 17.10.35027.167
MinimumVisualStudioVersion = 10.0.40219.1
Project("{2150E333-8FDC-42A3-9474-1A3956D46DE8}") = ".pipeline", ".pipeline", "{497BEFA0-D8B9-4C8D-906D-19F7A7A7E542}"
	ProjectSection(SolutionItems) = preProject
		..\deployment\pipelines\cocktails-nuget-pipelines.yml = ..\deployment\pipelines\cocktails-nuget-pipelines.yml
		..\deployment\pipelines\nuget-build.yml = ..\deployment\pipelines\nuget-build.yml
	EndProjectSection
EndProject
Project("{2150E333-8FDC-42A3-9474-1A3956D46DE8}") = "src", "src", "{5796E45D-79AB-4D5F-BE1B-3FF6D99DB019}"
EndProject
Project("{2150E333-8FDC-42A3-9474-1A3956D46DE8}") = "test", "test", "{CD12BC40-16F2-4D71-8CC7-1FBD10632418}"
EndProject
Project("{FAE04EC0-301F-11D3-BF4B-00C04F79EFBC}") = "Cocktails.Common", "src\Cocktails.Common\Cocktails.Common.csproj", "{DA7BDDF7-905D-4583-BE9A-F82AA0BF3520}"
EndProject
Project("{FAE04EC0-301F-11D3-BF4B-00C04F79EFBC}") = "Cocktails.Common.Unit.Tests", "test\Cocktails.Common.Unit.Tests\Cocktails.Common.Unit.Tests.csproj", "{B78F6216-13CB-47F5-9639-6272D193F1EF}"
EndProject
Global
	GlobalSection(SolutionConfigurationPlatforms) = preSolution
		Debug|Any CPU = Debug|Any CPU
		Release|Any CPU = Release|Any CPU
	EndGlobalSection
	GlobalSection(ProjectConfigurationPlatforms) = postSolution
		{DA7BDDF7-905D-4583-BE9A-F82AA0BF3520}.Debug|Any CPU.ActiveCfg = Debug|Any CPU
		{DA7BDDF7-905D-4583-BE9A-F82AA0BF3520}.Debug|Any CPU.Build.0 = Debug|Any CPU
		{DA7BDDF7-905D-4583-BE9A-F82AA0BF3520}.Release|Any CPU.ActiveCfg = Release|Any CPU
		{DA7BDDF7-905D-4583-BE9A-F82AA0BF3520}.Release|Any CPU.Build.0 = Release|Any CPU
		{B78F6216-13CB-47F5-9639-6272D193F1EF}.Debug|Any CPU.ActiveCfg = Debug|Any CPU
		{B78F6216-13CB-47F5-9639-6272D193F1EF}.Debug|Any CPU.Build.0 = Debug|Any CPU
		{B78F6216-13CB-47F5-9639-6272D193F1EF}.Release|Any CPU.ActiveCfg = Release|Any CPU
		{B78F6216-13CB-47F5-9639-6272D193F1EF}.Release|Any CPU.Build.0 = Release|Any CPU
	EndGlobalSection
	GlobalSection(SolutionProperties) = preSolution
		HideSolutionNode = FALSE
	EndGlobalSection
	GlobalSection(NestedProjects) = preSolution
		{DA7BDDF7-905D-4583-BE9A-F82AA0BF3520} = {5796E45D-79AB-4D5F-BE1B-3FF6D99DB019}
		{B78F6216-13CB-47F5-9639-6272D193F1EF} = {CD12BC40-16F2-4D71-8CC7-1FBD10632418}
	EndGlobalSection
	GlobalSection(ExtensibilityGlobals) = postSolution
		SolutionGuid = {CCF83998-C3CB-42CF-8CFA-31F4D29C5868}
	EndGlobalSection
EndGlobal
